
Microsoft Visual Studio Solution File, Format Version 12.00
# Visual Studio Version 17
VisualStudioVersion = 17.2.32505.173
MinimumVisualStudioVersion = 10.0.40219.1
Project("{FAE04EC0-301F-11D3-BF4B-00C04F79EFBC}") = "task 4", "task 4\task 4.csproj", "{D5E2B47D-82D7-44A8-93C6-FCF9F99C77CC}"
EndProject
Global
	GlobalSection(SolutionConfigurationPlatforms) = preSolution
		Debug|Any CPU = Debug|Any CPU
		Release|Any CPU = Release|Any CPU
	EndGlobalSection
	GlobalSection(ProjectConfigurationPlatforms) = postSolution
		{D5E2B47D-82D7-44A8-93C6-FCF9F99C77CC}.Debug|Any CPU.ActiveCfg = Debug|Any CPU
		{D5E2B47D-82D7-44A8-93C6-FCF9F99C77CC}.Debug|Any CPU.Build.0 = Debug|Any CPU
		{D5E2B47D-82D7-44A8-93C6-FCF9F99C77CC}.Release|Any CPU.ActiveCfg = Release|Any CPU
		{D5E2B47D-82D7-44A8-93C6-FCF9F99C77CC}.Release|Any CPU.Build.0 = Release|Any CPU
	EndGlobalSection
	GlobalSection(SolutionProperties) = preSolution
		HideSolutionNode = FALSE
	EndGlobalSection
	GlobalSection(ExtensibilityGlobals) = postSolution
		SolutionGuid = {525550F1-4593-4587-9F5B-1C45CF2F7479}
	EndGlobalSection
EndGlobal
